{
  "version": 4,
  "terraform_version": "1.11.4",
  "serial": 108,
  "lineage": "699f272e-267d-71f9-7180-618f7027fa83",
  "outputs": {
    "flask_app_name": {
      "value": "prod-flask-app",
      "type": "string"
    }
  },
  "resources": [
    {
      "mode": "managed",
      "type": "helm_release",
      "name": "flask_app",
      "provider": "provider[\"registry.terraform.io/hashicorp/helm\"]",
      "instances": [
        {
          "schema_version": 1,
          "attributes": {
            "atomic": false,
            "chart": "../helm/flask-app",
            "cleanup_on_fail": false,
            "create_namespace": true,
            "dependency_update": false,
            "description": null,
            "devel": null,
            "disable_crd_hooks": false,
            "disable_openapi_validation": false,
            "disable_webhooks": false,
            "force_update": false,
            "id": "prod-flask-app",
            "keyring": null,
            "lint": false,
            "manifest": null,
            "max_history": 0,
            "metadata": [
              {
                "app_version": "1.0.0",
                "chart": "flask-app",
                "first_deployed": 1745106860,
                "last_deployed": 1745106860,
                "name": "prod-flask-app",
                "namespace": "mytomorrow",
                "notes": "",
                "revision": 1,
                "values": "{\"autoscaling\":{\"enabled\":true,\"maxReplicas\":5,\"minReplicas\":2,\"targetCPUUtilizationPercentage\":70},\"env\":{\"API_BASE_URL\":\"https://prod.api.my-tomorrow.nl\",\"LOG_LEVEL\":\"info\",\"MAX_CONNECTIONS\":\"9\"},\"image\":{\"pullPolicy\":\"IfNotPresent\",\"repository\":\"yuvrajone/mytomorrow\",\"tag\":\"v1.0.3\"},\"replicaCount\":3,\"resources\":{\"limits\":{\"cpu\":\"200m\",\"memory\":\"200Mi\"},\"requests\":{\"cpu\":\"100m\",\"memory\":\"100Mi\"}},\"secrets\":{\"db_password\":\"(sensitive value)\",\"secret_key\":\"(sensitive value)\"}}",
                "version": "0.1.0"
              }
            ],
            "name": "prod-flask-app",
            "namespace": "mytomorrow",
            "pass_credentials": false,
            "postrender": [],
            "recreate_pods": false,
            "render_subchart_notes": true,
            "replace": false,
            "repository": null,
            "repository_ca_file": null,
            "repository_cert_file": null,
            "repository_key_file": null,
            "repository_password": null,
            "repository_username": null,
            "reset_values": false,
            "reuse_values": false,
            "set": [
              {
                "name": "env.API_BASE_URL",
                "type": "",
                "value": "https://prod.api.my-tomorrow.nl"
              }
            ],
            "set_list": [],
            "set_sensitive": [
              {
                "name": "secrets.db_password",
                "type": "",
                "value": "=g$H1-a1?PY#{q\u003c1"
              },
              {
                "name": "secrets.secret_key",
                "type": "",
                "value": "*kSsJk5]L!r[7cmI!3V{}9V[yU9]P\u003el:"
              }
            ],
            "skip_crds": false,
            "status": "deployed",
            "timeout": 300,
            "upgrade_install": null,
            "values": [
              "replicaCount: 3\r\nimage:\r\n  repository: yuvrajone/mytomorrow\r\n  tag: v1.0.3\r\n  pullPolicy: IfNotPresent\r\nenv:\r\n  LOG_LEVEL: info\r\n  MAX_CONNECTIONS: \"9\"\r\nautoscaling:\r\n  enabled: true\r\n  minReplicas: 2\r\n  maxReplicas: 5\r\n  targetCPUUtilizationPercentage: 70\r\nresources:\r\n  requests:\r\n    cpu: \"100m\"\r\n    memory: \"100Mi\"\r\n  limits:\r\n    cpu: \"200m\"\r\n    memory: \"200Mi\"\r\n\r\n\r\n"
            ],
            "verify": false,
            "version": "0.1.0",
            "wait": true,
            "wait_for_jobs": false
          },
          "sensitive_attributes": [
            [
              {
                "type": "get_attr",
                "value": "set_sensitive"
              }
            ],
            [
              {
                "type": "get_attr",
                "value": "repository_password"
              }
            ]
          ],
          "private": "eyJzY2hlbWFfdmVyc2lvbiI6IjEifQ==",
          "dependencies": [
            "random_password.mytomorrow-db-password",
            "random_password.mytomorrow-secret-key"
          ]
        }
      ]
    },
    {
      "mode": "managed",
      "type": "random_password",
      "name": "mytomorrow-db-password",
      "provider": "provider[\"registry.terraform.io/hashicorp/random\"]",
      "instances": [
        {
          "schema_version": 3,
          "attributes": {
            "bcrypt_hash": "$2a$10$ocFJVsr45WNcH9Zf9WVHs.Qjp2L49MFUvLw/7BaAMPrym8kFELrxy",
            "id": "none",
            "keepers": null,
            "length": 16,
            "lower": true,
            "min_lower": 0,
            "min_numeric": 0,
            "min_special": 0,
            "min_upper": 0,
            "number": true,
            "numeric": true,
            "override_special": "!#$%\u0026*()-_=+[]{}\u003c\u003e:?",
            "result": "=g$H1-a1?PY#{q\u003c1",
            "special": true,
            "upper": true
          },
          "sensitive_attributes": [
            [
              {
                "type": "get_attr",
                "value": "result"
              }
            ],
            [
              {
                "type": "get_attr",
                "value": "bcrypt_hash"
              }
            ]
          ]
        }
      ]
    },
    {
      "mode": "managed",
      "type": "random_password",
      "name": "mytomorrow-secret-key",
      "provider": "provider[\"registry.terraform.io/hashicorp/random\"]",
      "instances": [
        {
          "schema_version": 3,
          "attributes": {
            "bcrypt_hash": "$2a$10$hUWluRZDH8b22tv9MxLiO.sI3rkWULC9iI.uV9XT46mkQ8I0GXHEe",
            "id": "none",
            "keepers": null,
            "length": 32,
            "lower": true,
            "min_lower": 0,
            "min_numeric": 0,
            "min_special": 0,
            "min_upper": 0,
            "number": true,
            "numeric": true,
            "override_special": "!#$%\u0026*()-_=+[]{}\u003c\u003e:?@",
            "result": "*kSsJk5]L!r[7cmI!3V{}9V[yU9]P\u003el:",
            "special": true,
            "upper": true
          },
          "sensitive_attributes": [
            [
              {
                "type": "get_attr",
                "value": "bcrypt_hash"
              }
            ],
            [
              {
                "type": "get_attr",
                "value": "result"
              }
            ]
          ]
        }
      ]
    }
  ],
  "check_results": null
}
